
Microsoft Visual Studio Solution File, Format Version 12.00
# Visual Studio Version 17
VisualStudioVersion = 17.14.36109.1 d17.14
MinimumVisualStudioVersion = 10.0.40219.1
Project("{FAE04EC0-301F-11D3-BF4B-00C04F79EFBC}") = "NightmareXIVNugetUploader", "NightmareXIVNugetUploader\NightmareXIVNugetUploader.csproj", "{4980685C-859C-4D01-82F1-7C53CADAFBCE}"
EndProject
Global
	GlobalSection(SolutionConfigurationPlatforms) = preSolution
		Debug|Any CPU = Debug|Any CPU
		Release|Any CPU = Release|Any CPU
	EndGlobalSection
	GlobalSection(ProjectConfigurationPlatforms) = postSolution
		{4980685C-859C-4D01-82F1-7C53CADAFBCE}.Debug|Any CPU.ActiveCfg = Debug|Any CPU
		{4980685C-859C-4D01-82F1-7C53CADAFBCE}.Debug|Any CPU.Build.0 = Debug|Any CPU
		{4980685C-859C-4D01-82F1-7C53CADAFBCE}.Release|Any CPU.ActiveCfg = Release|Any CPU
		{4980685C-859C-4D01-82F1-7C53CADAFBCE}.Release|Any CPU.Build.0 = Release|Any CPU
	EndGlobalSection
	GlobalSection(SolutionProperties) = preSolution
		HideSolutionNode = FALSE
	EndGlobalSection
	GlobalSection(ExtensibilityGlobals) = postSolution
		SolutionGuid = {4254EE0B-6FDD-4CC9-AF25-49311CE3ED7C}
	EndGlobalSection
EndGlobal
